// !$*UTF8*$!
{
	archiveVersion = 1;
	classes = {
	};
	objectVersion = 56;
	objects = {

/* Begin PBXBuildFile section */
		859B2C472B4734AA00BF4115 /* AppDelegate.swift in Sources */ = {isa = PBXBuildFile; fileRef = 859B2C462B4734AA00BF4115 /* AppDelegate.swift */; };
		859B2C492B4734AA00BF4115 /* SceneDelegate.swift in Sources */ = {isa = PBXBuildFile; fileRef = 859B2C482B4734AA00BF4115 /* SceneDelegate.swift */; };
		859B2C4B2B4734AA00BF4115 /* ViewController.swift in Sources */ = {isa = PBXBuildFile; fileRef = 859B2C4A2B4734AA00BF4115 /* ViewController.swift */; };
		859B2C4E2B4734AA00BF4115 /* Main.storyboard in Resources */ = {isa = PBXBuildFile; fileRef = 859B2C4C2B4734AA00BF4115 /* Main.storyboard */; };
		859B2C502B4734AC00BF4115 /* Assets.xcassets in Resources */ = {isa = PBXBuildFile; fileRef = 859B2C4F2B4734AC00BF4115 /* Assets.xcassets */; };
		859B2C532B4734AC00BF4115 /* LaunchScreen.storyboard in Resources */ = {isa = PBXBuildFile; fileRef = 859B2C512B4734AC00BF4115 /* LaunchScreen.storyboard */; };
		859B2C5E2B4734AC00BF4115 /* My_FriendsTests.swift in Sources */ = {isa = PBXBuildFile; fileRef = 859B2C5D2B4734AC00BF4115 /* My_FriendsTests.swift */; };
		859B2C682B4734AC00BF4115 /* My_FriendsUITests.swift in Sources */ = {isa = PBXBuildFile; fileRef = 859B2C672B4734AC00BF4115 /* My_FriendsUITests.swift */; };
		859B2C6A2B4734AC00BF4115 /* My_FriendsUITestsLaunchTests.swift in Sources */ = {isa = PBXBuildFile; fileRef = 859B2C692B4734AC00BF4115 /* My_FriendsUITestsLaunchTests.swift */; };
/* End PBXBuildFile section */

/* Begin PBXContainerItemProxy section */
		859B2C5A2B4734AC00BF4115 /* PBXContainerItemProxy */ = {
			isa = PBXContainerItemProxy;
			containerPortal = 859B2C3B2B4734AA00BF4115 /* Project object */;
			proxyType = 1;
			remoteGlobalIDString = 859B2C422B4734AA00BF4115;
			remoteInfo = "My Friends";
		};
		859B2C642B4734AC00BF4115 /* PBXContainerItemProxy */ = {
			isa = PBXContainerItemProxy;
			containerPortal = 859B2C3B2B4734AA00BF4115 /* Project object */;
			proxyType = 1;
			remoteGlobalIDString = 859B2C422B4734AA00BF4115;
			remoteInfo = "My Friends";
		};
/* End PBXContainerItemProxy section */

/* Begin PBXFileReference section */
		859B2C432B4734AA00BF4115 /* My Friends.app */ = {isa = PBXFileReference; explicitFileType = wrapper.application; includeInIndex = 0; path = "My Friends.app"; sourceTree = BUILT_PRODUCTS_DIR; };
		859B2C462B4734AA00BF4115 /* AppDelegate.swift */ = {isa = PBXFileReference; lastKnownFileType = sourcecode.swift; path = AppDelegate.swift; sourceTree = "<group>"; };
		859B2C482B4734AA00BF4115 /* SceneDelegate.swift */ = {isa = PBXFileReference; lastKnownFileType = sourcecode.swift; path = SceneDelegate.swift; sourceTree = "<group>"; };
		859B2C4A2B4734AA00BF4115 /* ViewController.swift */ = {isa = PBXFileReference; lastKnownFileType = sourcecode.swift; path = ViewController.swift; sourceTree = "<group>"; };
		859B2C4D2B4734AA00BF4115 /* Base */ = {isa = PBXFileReference; lastKnownFileType = file.storyboard; name = Base; path = Base.lproj/Main.storyboard; sourceTree = "<group>"; };
		859B2C4F2B4734AC00BF4115 /* Assets.xcassets */ = {isa = PBXFileReference; lastKnownFileType = folder.assetcatalog; path = Assets.xcassets; sourceTree = "<group>"; };
		859B2C522B4734AC00BF4115 /* Base */ = {isa = PBXFileReference; lastKnownFileType = file.storyboard; name = Base; path = Base.lproj/LaunchScreen.storyboard; sourceTree = "<group>"; };
		859B2C542B4734AC00BF4115 /* Info.plist */ = {isa = PBXFileReference; lastKnownFileType = text.plist.xml; path = Info.plist; sourceTree = "<group>"; };
		859B2C592B4734AC00BF4115 /* My FriendsTests.xctest */ = {isa = PBXFileReference; explicitFileType = wrapper.cfbundle; includeInIndex = 0; path = "My FriendsTests.xctest"; sourceTree = BUILT_PRODUCTS_DIR; };
		859B2C5D2B4734AC00BF4115 /* My_FriendsTests.swift */ = {isa = PBXFileReference; lastKnownFileType = sourcecode.swift; path = My_FriendsTests.swift; sourceTree = "<group>"; };
		859B2C632B4734AC00BF4115 /* My FriendsUITests.xctest */ = {isa = PBXFileReference; explicitFileType = wrapper.cfbundle; includeInIndex = 0; path = "My FriendsUITests.xctest"; sourceTree = BUILT_PRODUCTS_DIR; };
		859B2C672B4734AC00BF4115 /* My_FriendsUITests.swift */ = {isa = PBXFileReference; lastKnownFileType = sourcecode.swift; path = My_FriendsUITests.swift; sourceTree = "<group>"; };
		859B2C692B4734AC00BF4115 /* My_FriendsUITestsLaunchTests.swift */ = {isa = PBXFileReference; lastKnownFileType = sourcecode.swift; path = My_FriendsUITestsLaunchTests.swift; sourceTree = "<group>"; };
/* End PBXFileReference section */

/* Begin PBXFrameworksBuildPhase section */
		859B2C402B4734AA00BF4115 /* Frameworks */ = {
			isa = PBXFrameworksBuildPhase;
			buildActionMask = 2147483647;
			files = (
			);
			runOnlyForDeploymentPostprocessing = 0;
		};
		859B2C562B4734AC00BF4115 /* Frameworks */ = {
			isa = PBXFrameworksBuildPhase;
			buildActionMask = 2147483647;
			files = (
			);
			runOnlyForDeploymentPostprocessing = 0;
		};
		859B2C602B4734AC00BF4115 /* Frameworks */ = {
			isa = PBXFrameworksBuildPhase;
			buildActionMask = 2147483647;
			files = (
			);
			runOnlyForDeploymentPostprocessing = 0;
		};
/* End PBXFrameworksBuildPhase section */

/* Begin PBXGroup section */
		859B2C3A2B4734AA00BF4115 = {
			isa = PBXGroup;
			children = (
				859B2C452B4734AA00BF4115 /* My Friends */,
				859B2C5C2B4734AC00BF4115 /* My FriendsTests */,
				859B2C662B4734AC00BF4115 /* My FriendsUITests */,
				859B2C442B4734AA00BF4115 /* Products */,
			);
			sourceTree = "<group>";
		};
		859B2C442B4734AA00BF4115 /* Products */ = {
			isa = PBXGroup;
			children = (
				859B2C432B4734AA00BF4115 /* My Friends.app */,
				859B2C592B4734AC00BF4115 /* My FriendsTests.xctest */,
				859B2C632B4734AC00BF4115 /* My FriendsUITests.xctest */,
			);
			name = Products;
			sourceTree = "<group>";
		};
		859B2C452B4734AA00BF4115 /* My Friends */ = {
			isa = PBXGroup;
			children = (
				859B2C462B4734AA00BF4115 /* AppDelegate.swift */,
				859B2C482B4734AA00BF4115 /* SceneDelegate.swift */,
				859B2C4A2B4734AA00BF4115 /* ViewController.swift */,
				859B2C4C2B4734AA00BF4115 /* Main.storyboard */,
				859B2C4F2B4734AC00BF4115 /* Assets.xcassets */,
				859B2C512B4734AC00BF4115 /* LaunchScreen.storyboard */,
				859B2C542B4734AC00BF4115 /* Info.plist */,
			);
			path = "My Friends";
			sourceTree = "<group>";
		};
		859B2C5C2B4734AC00BF4115 /* My FriendsTests */ = {
			isa = PBXGroup;
			children = (
				859B2C5D2B4734AC00BF4115 /* My_FriendsTests.swift */,
			);
			path = "My FriendsTests";
			sourceTree = "<group>";
		};
		859B2C662B4734AC00BF4115 /* My FriendsUITests */ = {
			isa = PBXGroup;
			children = (
				859B2C672B4734AC00BF4115 /* My_FriendsUITests.swift */,
				859B2C692B4734AC00BF4115 /* My_FriendsUITestsLaunchTests.swift */,
			);
			path = "My FriendsUITests";
			sourceTree = "<group>";
		};
/* End PBXGroup section */

/* Begin PBXNativeTarget section */
		859B2C422B4734AA00BF4115 /* My Friends */ = {
			isa = PBXNativeTarget;
			buildConfigurationList = 859B2C6D2B4734AC00BF4115 /* Build configuration list for PBXNativeTarget "My Friends" */;
			buildPhases = (
				859B2C3F2B4734AA00BF4115 /* Sources */,
				859B2C402B4734AA00BF4115 /* Frameworks */,
				859B2C412B4734AA00BF4115 /* Resources */,
			);
			buildRules = (
			);
			dependencies = (
			);
			name = "My Friends";
			productName = "My Friends";
			productReference = 859B2C432B4734AA00BF4115 /* My Friends.app */;
			productType = "com.apple.product-type.application";
		};
		859B2C582B4734AC00BF4115 /* My FriendsTests */ = {
			isa = PBXNativeTarget;
			buildConfigurationList = 859B2C702B4734AC00BF4115 /* Build configuration list for PBXNativeTarget "My FriendsTests" */;
			buildPhases = (
				859B2C552B4734AC00BF4115 /* Sources */,
				859B2C562B4734AC00BF4115 /* Frameworks */,
				859B2C572B4734AC00BF4115 /* Resources */,
			);
			buildRules = (
			);
			dependencies = (
				859B2C5B2B4734AC00BF4115 /* PBXTargetDependency */,
			);
			name = "My FriendsTests";
			productName = "My FriendsTests";
			productReference = 859B2C592B4734AC00BF4115 /* My FriendsTests.xctest */;
			productType = "com.apple.product-type.bundle.unit-test";
		};
		859B2C622B4734AC00BF4115 /* My FriendsUITests */ = {
			isa = PBXNativeTarget;
			buildConfigurationList = 859B2C732B4734AC00BF4115 /* Build configuration list for PBXNativeTarget "My FriendsUITests" */;
			buildPhases = (
				859B2C5F2B4734AC00BF4115 /* Sources */,
				859B2C602B4734AC00BF4115 /* Frameworks */,
				859B2C612B4734AC00BF4115 /* Resources */,
			);
			buildRules = (
			);
			dependencies = (
				859B2C652B4734AC00BF4115 /* PBXTargetDependency */,
			);
			name = "My FriendsUITests";
			productName = "My FriendsUITests";
			productReference = 859B2C632B4734AC00BF4115 /* My FriendsUITests.xctest */;
			productType = "com.apple.product-type.bundle.ui-testing";
		};
/* End PBXNativeTarget section */

/* Begin PBXProject section */
		859B2C3B2B4734AA00BF4115 /* Project object */ = {
			isa = PBXProject;
			attributes = {
				BuildIndependentTargetsInParallel = 1;
				LastSwiftUpdateCheck = 1500;
				LastUpgradeCheck = 1500;
				TargetAttributes = {
					859B2C422B4734AA00BF4115 = {
						CreatedOnToolsVersion = 15.0.1;
					};
					859B2C582B4734AC00BF4115 = {
						CreatedOnToolsVersion = 15.0.1;
						TestTargetID = 859B2C422B4734AA00BF4115;
					};
					859B2C622B4734AC00BF4115 = {
						CreatedOnToolsVersion = 15.0.1;
						TestTargetID = 859B2C422B4734AA00BF4115;
					};
				};
			};
			buildConfigurationList = 859B2C3E2B4734AA00BF4115 /* Build configuration list for PBXProject "My Friends" */;
			compatibilityVersion = "Xcode 14.0";
			developmentRegion = en;
			hasScannedForEncodings = 0;
			knownRegions = (
				en,
				Base,
			);
			mainGroup = 859B2C3A2B4734AA00BF4115;
			productRefGroup = 859B2C442B4734AA00BF4115 /* Products */;
			projectDirPath = "";
			projectRoot = "";
			targets = (
				859B2C422B4734AA00BF4115 /* My Friends */,
				859B2C582B4734AC00BF4115 /* My FriendsTests */,
				859B2C622B4734AC00BF4115 /* My FriendsUITests */,
			);
		};
/* End PBXProject section */

/* Begin PBXResourcesBuildPhase section */
		859B2C412B4734AA00BF4115 /* Resources */ = {
			isa = PBXResourcesBuildPhase;
			buildActionMask = 2147483647;
			files = (
				859B2C532B4734AC00BF4115 /* LaunchScreen.storyboard in Resources */,
				859B2C502B4734AC00BF4115 /* Assets.xcassets in Resources */,
				859B2C4E2B4734AA00BF4115 /* Main.storyboard in Resources */,
			);
			runOnlyForDeploymentPostprocessing = 0;
		};
		859B2C572B4734AC00BF4115 /* Resources */ = {
			isa = PBXResourcesBuildPhase;
			buildActionMask = 2147483647;
			files = (
			);
			runOnlyForDeploymentPostprocessing = 0;
		};
		859B2C612B4734AC00BF4115 /* Resources */ = {
			isa = PBXResourcesBuildPhase;
			buildActionMask = 2147483647;
			files = (
			);
			runOnlyForDeploymentPostprocessing = 0;
		};
/* End PBXResourcesBuildPhase section */

/* Begin PBXSourcesBuildPhase section */
		859B2C3F2B4734AA00BF4115 /* Sources */ = {
			isa = PBXSourcesBuildPhase;
			buildActionMask = 2147483647;
			files = (
				859B2C4B2B4734AA00BF4115 /* ViewController.swift in Sources */,
				859B2C472B4734AA00BF4115 /* AppDelegate.swift in Sources */,
				859B2C492B4734AA00BF4115 /* SceneDelegate.swift in Sources */,
			);
			runOnlyForDeploymentPostprocessing = 0;
		};
		859B2C552B4734AC00BF4115 /* Sources */ = {
			isa = PBXSourcesBuildPhase;
			buildActionMask = 2147483647;
			files = (
				859B2C5E2B4734AC00BF4115 /* My_FriendsTests.swift in Sources */,
			);
			runOnlyForDeploymentPostprocessing = 0;
		};
		859B2C5F2B4734AC00BF4115 /* Sources */ = {
			isa = PBXSourcesBuildPhase;
			buildActionMask = 2147483647;
			files = (
				859B2C6A2B4734AC00BF4115 /* My_FriendsUITestsLaunchTests.swift in Sources */,
				859B2C682B4734AC00BF4115 /* My_FriendsUITests.swift in Sources */,
			);
			runOnlyForDeploymentPostprocessing = 0;
		};
/* End PBXSourcesBuildPhase section */

/* Begin PBXTargetDependency section */
		859B2C5B2B4734AC00BF4115 /* PBXTargetDependency */ = {
			isa = PBXTargetDependency;
			target = 859B2C422B4734AA00BF4115 /* My Friends */;
			targetProxy = 859B2C5A2B4734AC00BF4115 /* PBXContainerItemProxy */;
		};
		859B2C652B4734AC00BF4115 /* PBXTargetDependency */ = {
			isa = PBXTargetDependency;
			target = 859B2C422B4734AA00BF4115 /* My Friends */;
			targetProxy = 859B2C642B4734AC00BF4115 /* PBXContainerItemProxy */;
		};
/* End PBXTargetDependency section */

/* Begin PBXVariantGroup section */
		859B2C4C2B4734AA00BF4115 /* Main.storyboard */ = {
			isa = PBXVariantGroup;
			children = (
				859B2C4D2B4734AA00BF4115 /* Base */,
			);
			name = Main.storyboard;
			sourceTree = "<group>";
		};
		859B2C512B4734AC00BF4115 /* LaunchScreen.storyboard */ = {
			isa = PBXVariantGroup;
			children = (
				859B2C522B4734AC00BF4115 /* Base */,
			);
			name = LaunchScreen.storyboard;
			sourceTree = "<group>";
		};
/* End PBXVariantGroup section */

/* Begin XCBuildConfiguration section */
		859B2C6B2B4734AC00BF4115 /* Debug */ = {
			isa = XCBuildConfiguration;
			buildSettings = {
				ALWAYS_SEARCH_USER_PATHS = NO;
				ASSETCATALOG_COMPILER_GENERATE_SWIFT_ASSET_SYMBOL_EXTENSIONS = YES;
				CLANG_ANALYZER_NONNULL = YES;
				CLANG_ANALYZER_NUMBER_OBJECT_CONVERSION = YES_AGGRESSIVE;
				CLANG_CXX_LANGUAGE_STANDARD = "gnu++20";
				CLANG_ENABLE_MODULES = YES;
				CLANG_ENABLE_OBJC_ARC = YES;
				CLANG_ENABLE_OBJC_WEAK = YES;
				CLANG_WARN_BLOCK_CAPTURE_AUTORELEASING = YES;
				CLANG_WARN_BOOL_CONVERSION = YES;
				CLANG_WARN_COMMA = YES;
				CLANG_WARN_CONSTANT_CONVERSION = YES;
				CLANG_WARN_DEPRECATED_OBJC_IMPLEMENTATIONS = YES;
				CLANG_WARN_DIRECT_OBJC_ISA_USAGE = YES_ERROR;
				CLANG_WARN_DOCUMENTATION_COMMENTS = YES;
				CLANG_WARN_EMPTY_BODY = YES;
				CLANG_WARN_ENUM_CONVERSION = YES;
				CLANG_WARN_INFINITE_RECURSION = YES;
				CLANG_WARN_INT_CONVERSION = YES;
				CLANG_WARN_NON_LITERAL_NULL_CONVERSION = YES;
				CLANG_WARN_OBJC_IMPLICIT_RETAIN_SELF = YES;
				CLANG_WARN_OBJC_LITERAL_CONVERSION = YES;
				CLANG_WARN_OBJC_ROOT_CLASS = YES_ERROR;
				CLANG_WARN_QUOTED_INCLUDE_IN_FRAMEWORK_HEADER = YES;
				CLANG_WARN_RANGE_LOOP_ANALYSIS = YES;
				CLANG_WARN_STRICT_PROTOTYPES = YES;
				CLANG_WARN_SUSPICIOUS_MOVE = YES;
				CLANG_WARN_UNGUARDED_AVAILABILITY = YES_AGGRESSIVE;
				CLANG_WARN_UNREACHABLE_CODE = YES;
				CLANG_WARN__DUPLICATE_METHOD_MATCH = YES;
				COPY_PHASE_STRIP = NO;
				DEBUG_INFORMATION_FORMAT = dwarf;
				ENABLE_STRICT_OBJC_MSGSEND = YES;
				ENABLE_TESTABILITY = YES;
				ENABLE_USER_SCRIPT_SANDBOXING = YES;
				GCC_C_LANGUAGE_STANDARD = gnu17;
				GCC_DYNAMIC_NO_PIC = NO;
				GCC_NO_COMMON_BLOCKS = YES;
				GCC_OPTIMIZATION_LEVEL = 0;
				GCC_PREPROCESSOR_DEFINITIONS = (
					"DEBUG=1",
					"$(inherited)",
				);
				GCC_WARN_64_TO_32_BIT_CONVERSION = YES;
				GCC_WARN_ABOUT_RETURN_TYPE = YES_ERROR;
				GCC_WARN_UNDECLARED_SELECTOR = YES;
				GCC_WARN_UNINITIALIZED_AUTOS = YES_AGGRESSIVE;
				GCC_WARN_UNUSED_FUNCTION = YES;
				GCC_WARN_UNUSED_VARIABLE = YES;
				IPHONEOS_DEPLOYMENT_TARGET = 17.0;
				LOCALIZATION_PREFERS_STRING_CATALOGS = YES;
				MTL_ENABLE_DEBUG_INFO = INCLUDE_SOURCE;
				MTL_FAST_MATH = YES;
				ONLY_ACTIVE_ARCH = YES;
				SDKROOT = iphoneos;
				SWIFT_ACTIVE_COMPILATION_CONDITIONS = "DEBUG $(inherited)";
				SWIFT_OPTIMIZATION_LEVEL = "-Onone";
			};
			name = Debug;
		};
		859B2C6C2B4734AC00BF4115 /* Release */ = {
			isa = XCBuildConfiguration;
			buildSettings = {
				ALWAYS_SEARCH_USER_PATHS = NO;
				ASSETCATALOG_COMPILER_GENERATE_SWIFT_ASSET_SYMBOL_EXTENSIONS = YES;
				CLANG_ANALYZER_NONNULL = YES;
				CLANG_ANALYZER_NUMBER_OBJECT_CONVERSION = YES_AGGRESSIVE;
				CLANG_CXX_LANGUAGE_STANDARD = "gnu++20";
				CLANG_ENABLE_MODULES = YES;
				CLANG_ENABLE_OBJC_ARC = YES;
				CLANG_ENABLE_OBJC_WEAK = YES;
				CLANG_WARN_BLOCK_CAPTURE_AUTORELEASING = YES;
				CLANG_WARN_BOOL_CONVERSION = YES;
				CLANG_WARN_COMMA = YES;
				CLANG_WARN_CONSTANT_CONVERSION = YES;
				CLANG_WARN_DEPRECATED_OBJC_IMPLEMENTATIONS = YES;
				CLANG_WARN_DIRECT_OBJC_ISA_USAGE = YES_ERROR;
				CLANG_WARN_DOCUMENTATION_COMMENTS = YES;
				CLANG_WARN_EMPTY_BODY = YES;
				CLANG_WARN_ENUM_CONVERSION = YES;
				CLANG_WARN_INFINITE_RECURSION = YES;
				CLANG_WARN_INT_CONVERSION = YES;
				CLANG_WARN_NON_LITERAL_NULL_CONVERSION = YES;
				CLANG_WARN_OBJC_IMPLICIT_RETAIN_SELF = YES;
				CLANG_WARN_OBJC_LITERAL_CONVERSION = YES;
				CLANG_WARN_OBJC_ROOT_CLASS = YES_ERROR;
				CLANG_WARN_QUOTED_INCLUDE_IN_FRAMEWORK_HEADER = YES;
				CLANG_WARN_RANGE_LOOP_ANALYSIS = YES;
				CLANG_WARN_STRICT_PROTOTYPES = YES;
				CLANG_WARN_SUSPICIOUS_MOVE = YES;
				CLANG_WARN_UNGUARDED_AVAILABILITY = YES_AGGRESSIVE;
				CLANG_WARN_UNREACHABLE_CODE = YES;
				CLANG_WARN__DUPLICATE_METHOD_MATCH = YES;
				COPY_PHASE_STRIP = NO;
				DEBUG_INFORMATION_FORMAT = "dwarf-with-dsym";
				ENABLE_NS_ASSERTIONS = NO;
				ENABLE_STRICT_OBJC_MSGSEND = YES;
				ENABLE_USER_SCRIPT_SANDBOXING = YES;
				GCC_C_LANGUAGE_STANDARD = gnu17;
				GCC_NO_COMMON_BLOCKS = YES;
				GCC_WARN_64_TO_32_BIT_CONVERSION = YES;
				GCC_WARN_ABOUT_RETURN_TYPE = YES_ERROR;
				GCC_WARN_UNDECLARED_SELECTOR = YES;
				GCC_WARN_UNINITIALIZED_AUTOS = YES_AGGRESSIVE;
				GCC_WARN_UNUSED_FUNCTION = YES;
				GCC_WARN_UNUSED_VARIABLE = YES;
				IPHONEOS_DEPLOYMENT_TARGET = 17.0;
				LOCALIZATION_PREFERS_STRING_CATALOGS = YES;
				MTL_ENABLE_DEBUG_INFO = NO;
				MTL_FAST_MATH = YES;
				SDKROOT = iphoneos;
				SWIFT_COMPILATION_MODE = wholemodule;
				VALIDATE_PRODUCT = YES;
			};
			name = Release;
		};
		859B2C6E2B4734AC00BF4115 /* Debug */ = {
			isa = XCBuildConfiguration;
			buildSettings = {
				ASSETCATALOG_COMPILER_APPICON_NAME = AppIcon;
				ASSETCATALOG_COMPILER_GLOBAL_ACCENT_COLOR_NAME = AccentColor;
				CODE_SIGN_STYLE = Automatic;
				CURRENT_PROJECT_VERSION = 1;
				DEVELOPMENT_TEAM = GRNYRMUBZH;
				GENERATE_INFOPLIST_FILE = YES;
				INFOPLIST_FILE = "My Friends/Info.plist";
				INFOPLIST_KEY_UIApplicationSupportsIndirectInputEvents = YES;
				INFOPLIST_KEY_UILaunchStoryboardName = LaunchScreen;
				INFOPLIST_KEY_UIMainStoryboardFile = Main;
				INFOPLIST_KEY_UISupportedInterfaceOrientations_iPad = "UIInterfaceOrientationPortrait UIInterfaceOrientationPortraitUpsideDown UIInterfaceOrientationLandscapeLeft UIInterfaceOrientationLandscapeRight";
				INFOPLIST_KEY_UISupportedInterfaceOrientations_iPhone = "UIInterfaceOrientationPortrait UIInterfaceOrientationLandscapeLeft UIInterfaceOrientationLandscapeRight";
				LD_RUNPATH_SEARCH_PATHS = (
					"$(inherited)",
					"@executable_path/Frameworks",
				);
				MARKETING_VERSION = 1.0;
				PRODUCT_BUNDLE_IDENTIFIER = "Omer.My-Friends";
				PRODUCT_NAME = "$(TARGET_NAME)";
				SWIFT_EMIT_LOC_STRINGS = YES;
				SWIFT_VERSION = 5.0;
				TARGETED_DEVICE_FAMILY = "1,2";
			};
			name = Debug;
		};
		859B2C6F2B4734AC00BF4115 /* Release */ = {
			isa = XCBuildConfiguration;
			buildSettings = {
				ASSETCATALOG_COMPILER_APPICON_NAME = AppIcon;
				ASSETCATALOG_COMPILER_GLOBAL_ACCENT_COLOR_NAME = AccentColor;
				CODE_SIGN_STYLE = Automatic;
				CURRENT_PROJECT_VERSION = 1;
				DEVELOPMENT_TEAM = GRNYRMUBZH;
				GENERATE_INFOPLIST_FILE = YES;
				INFOPLIST_FILE = "My Friends/Info.plist";
				INFOPLIST_KEY_UIApplicationSupportsIndirectInputEvents = YES;
				INFOPLIST_KEY_UILaunchStoryboardName = LaunchScreen;
				INFOPLIST_KEY_UIMainStoryboardFile = Main;
				INFOPLIST_KEY_UISupportedInterfaceOrientations_iPad = "UIInterfaceOrientationPortrait UIInterfaceOrientationPortraitUpsideDown UIInterfaceOrientationLandscapeLeft UIInterfaceOrientationLandscapeRight";
				INFOPLIST_KEY_UISupportedInterfaceOrientations_iPhone = "UIInterfaceOrientationPortrait UIInterfaceOrientationLandscapeLeft UIInterfaceOrientationLandscapeRight";
				LD_RUNPATH_SEARCH_PATHS = (
					"$(inherited)",
					"@executable_path/Frameworks",
				);
				MARKETING_VERSION = 1.0;
				PRODUCT_BUNDLE_IDENTIFIER = "Omer.My-Friends";
				PRODUCT_NAME = "$(TARGET_NAME)";
				SWIFT_EMIT_LOC_STRINGS = YES;
				SWIFT_VERSION = 5.0;
				TARGETED_DEVICE_FAMILY = "1,2";
			};
			name = Release;
		};
		859B2C712B4734AC00BF4115 /* Debug */ = {
			isa = XCBuildConfiguration;
			buildSettings = {
				ALWAYS_EMBED_SWIFT_STANDARD_LIBRARIES = YES;
				BUNDLE_LOADER = "$(TEST_HOST)";
				CODE_SIGN_STYLE = Automatic;
				CURRENT_PROJECT_VERSION = 1;
				DEVELOPMENT_TEAM = GRNYRMUBZH;
				GENERATE_INFOPLIST_FILE = YES;
				IPHONEOS_DEPLOYMENT_TARGET = 17.0;
				MARKETING_VERSION = 1.0;
				PRODUCT_BUNDLE_IDENTIFIER = "Omer.My-FriendsTests";
				PRODUCT_NAME = "$(TARGET_NAME)";
				SWIFT_EMIT_LOC_STRINGS = NO;
				SWIFT_VERSION = 5.0;
				TARGETED_DEVICE_FAMILY = "1,2";
				TEST_HOST = "$(BUILT_PRODUCTS_DIR)/My Friends.app/$(BUNDLE_EXECUTABLE_FOLDER_PATH)/My Friends";
			};
			name = Debug;
		};
		859B2C722B4734AC00BF4115 /* Release */ = {
			isa = XCBuildConfiguration;
			buildSettings = {
				ALWAYS_EMBED_SWIFT_STANDARD_LIBRARIES = YES;
				BUNDLE_LOADER = "$(TEST_HOST)";
				CODE_SIGN_STYLE = Automatic;
				CURRENT_PROJECT_VERSION = 1;
				DEVELOPMENT_TEAM = GRNYRMUBZH;
				GENERATE_INFOPLIST_FILE = YES;
				IPHONEOS_DEPLOYMENT_TARGET = 17.0;
				MARKETING_VERSION = 1.0;
				PRODUCT_BUNDLE_IDENTIFIER = "Omer.My-FriendsTests";
				PRODUCT_NAME = "$(TARGET_NAME)";
				SWIFT_EMIT_LOC_STRINGS = NO;
				SWIFT_VERSION = 5.0;
				TARGETED_DEVICE_FAMILY = "1,2";
				TEST_HOST = "$(BUILT_PRODUCTS_DIR)/My Friends.app/$(BUNDLE_EXECUTABLE_FOLDER_PATH)/My Friends";
			};
			name = Release;
		};
		859B2C742B4734AC00BF4115 /* Debug */ = {
			isa = XCBuildConfiguration;
			buildSettings = {
				ALWAYS_EMBED_SWIFT_STANDARD_LIBRARIES = YES;
				CODE_SIGN_STYLE = Automatic;
				CURRENT_PROJECT_VERSION = 1;
				DEVELOPMENT_TEAM = GRNYRMUBZH;
				GENERATE_INFOPLIST_FILE = YES;
				MARKETING_VERSION = 1.0;
				PRODUCT_BUNDLE_IDENTIFIER = "Omer.My-FriendsUITests";
				PRODUCT_NAME = "$(TARGET_NAME)";
				SWIFT_EMIT_LOC_STRINGS = NO;
				SWIFT_VERSION = 5.0;
				TARGETED_DEVICE_FAMILY = "1,2";
				TEST_TARGET_NAME = "My Friends";
			};
			name = Debug;
		};
		859B2C752B4734AC00BF4115 /* Release */ = {
			isa = XCBuildConfiguration;
			buildSettings = {
				ALWAYS_EMBED_SWIFT_STANDARD_LIBRARIES = YES;
				CODE_SIGN_STYLE = Automatic;
				CURRENT_PROJECT_VERSION = 1;
				DEVELOPMENT_TEAM = GRNYRMUBZH;
				GENERATE_INFOPLIST_FILE = YES;
				MARKETING_VERSION = 1.0;
				PRODUCT_BUNDLE_IDENTIFIER = "Omer.My-FriendsUITests";
				PRODUCT_NAME = "$(TARGET_NAME)";
				SWIFT_EMIT_LOC_STRINGS = NO;
				SWIFT_VERSION = 5.0;
				TARGETED_DEVICE_FAMILY = "1,2";
				TEST_TARGET_NAME = "My Friends";
			};
			name = Release;
		};
/* End XCBuildConfiguration section */

/* Begin XCConfigurationList section */
		859B2C3E2B4734AA00BF4115 /* Build configuration list for PBXProject "My Friends" */ = {
			isa = XCConfigurationList;
			buildConfigurations = (
				859B2C6B2B4734AC00BF4115 /* Debug */,
				859B2C6C2B4734AC00BF4115 /* Release */,
			);
			defaultConfigurationIsVisible = 0;
			defaultConfigurationName = Release;
		};
		859B2C6D2B4734AC00BF4115 /* Build configuration list for PBXNativeTarget "My Friends" */ = {
			isa = XCConfigurationList;
			buildConfigurations = (
				859B2C6E2B4734AC00BF4115 /* Debug */,
				859B2C6F2B4734AC00BF4115 /* Release */,
			);
			defaultConfigurationIsVisible = 0;
			defaultConfigurationName = Release;
		};
		859B2C702B4734AC00BF4115 /* Build configuration list for PBXNativeTarget "My FriendsTests" */ = {
			isa = XCConfigurationList;
			buildConfigurations = (
				859B2C712B4734AC00BF4115 /* Debug */,
				859B2C722B4734AC00BF4115 /* Release */,
			);
			defaultConfigurationIsVisible = 0;
			defaultConfigurationName = Release;
		};
		859B2C732B4734AC00BF4115 /* Build configuration list for PBXNativeTarget "My FriendsUITests" */ = {
			isa = XCConfigurationList;
			buildConfigurations = (
				859B2C742B4734AC00BF4115 /* Debug */,
				859B2C752B4734AC00BF4115 /* Release */,
			);
			defaultConfigurationIsVisible = 0;
			defaultConfigurationName = Release;
		};
/* End XCConfigurationList section */
	};
	rootObject = 859B2C3B2B4734AA00BF4115 /* Project object */;
}
